Microsoft Visual Studio Solution File, Format Version 12.00
# Visual Studio 15
VisualStudioVersion = 15.0.27004.2002
MinimumVisualStudioVersion = 10.0.40219.1
Project("{9A19103F-16F7-4668-BE54-9A1E7A4F7556}") = "Core", "Oxide.Core\Core.csproj", "{67F65F5D-A62A-4752-849D-BFF30D828107}"
	ProjectSection(ProjectDependencies) = postProject
		{7009BBCB-8CA4-49EC-BE95-B27C07771CDF} = {7009BBCB-8CA4-49EC-BE95-B27C07771CDF}
	EndProjectSection
EndProject
Project("{9A19103F-16F7-4668-BE54-9A1E7A4F7556}") = "References", "Oxide.References\References.csproj", "{7009BBCB-8CA4-49EC-BE95-B27C07771CDF}"
EndProject
Project("{9A19103F-16F7-4668-BE54-9A1E7A4F7556}") = "CSharp", "Extensions\Oxide.CSharp\CSharp.csproj", "{9103D682-D1AA-4A95-A499-896F551AAA62}"
	ProjectSection(ProjectDependencies) = postProject
		{7009BBCB-8CA4-49EC-BE95-B27C07771CDF} = {7009BBCB-8CA4-49EC-BE95-B27C07771CDF}
	EndProjectSection
EndProject
Project("{9A19103F-16F7-4668-BE54-9A1E7A4F7556}") = "JavaScript", "Extensions\Oxide.JavaScript\JavaScript.csproj", "{3A9897BD-2022-4621-BC2C-F05EA39FA4EF}"
EndProject
Project("{9A19103F-16F7-4668-BE54-9A1E7A4F7556}") = "Lua", "Extensions\Oxide.Lua\Lua.csproj", "{18D00F0B-8CF3-4002-940A-4A8CA449A352}"
EndProject
Project("{9A19103F-16F7-4668-BE54-9A1E7A4F7556}") = "MySql", "Extensions\Oxide.MySql\MySql.csproj", "{D138493B-6F2E-4B9F-8F79-17B73422D87F}"
EndProject
Project("{9A19103F-16F7-4668-BE54-9A1E7A4F7556}") = "Python", "Extensions\Oxide.Python\Python.csproj", "{B05D4995-6E61-4E82-AC91-5A7B46EC9781}"
EndProject
Project("{9A19103F-16F7-4668-BE54-9A1E7A4F7556}") = "SQLite", "Extensions\Oxide.SQLite\SQLite.csproj", "{C54EA613-C5FD-4ACD-8AC4-79063B08CF5A}"
EndProject
Project("{9A19103F-16F7-4668-BE54-9A1E7A4F7556}") = "Unity", "Extensions\Oxide.Unity\Unity.csproj", "{52C26C5B-23E5-48A2-B403-5FF5C898E91A}"
EndProject
Project("{9A19103F-16F7-4668-BE54-9A1E7A4F7556}") = "Blackwake", "Games\Oxide.Blackwake\Blackwake.csproj", "{A4E170BC-7E8F-4CAE-88F8-EB28FD8C27B5}"
	ProjectSection(ProjectDependencies) = postProject
		{C54EA613-C5FD-4ACD-8AC4-79063B08CF5A} = {C54EA613-C5FD-4ACD-8AC4-79063B08CF5A}
		{D138493B-6F2E-4B9F-8F79-17B73422D87F} = {D138493B-6F2E-4B9F-8F79-17B73422D87F}
		{52C26C5B-23E5-48A2-B403-5FF5C898E91A} = {52C26C5B-23E5-48A2-B403-5FF5C898E91A}
		{67F65F5D-A62A-4752-849D-BFF30D828107} = {67F65F5D-A62A-4752-849D-BFF30D828107}
		{9103D682-D1AA-4A95-A499-896F551AAA62} = {9103D682-D1AA-4A95-A499-896F551AAA62}
		{7009BBCB-8CA4-49EC-BE95-B27C07771CDF} = {7009BBCB-8CA4-49EC-BE95-B27C07771CDF}
	EndProjectSection
EndProject
Project("{9A19103F-16F7-4668-BE54-9A1E7A4F7556}") = "Blockstorm", "Games\Oxide.Blockstorm\Blockstorm.csproj", "{0D3AF12E-CDD8-4691-ADE4-364D5D5A5D32}"
	ProjectSection(ProjectDependencies) = postProject
		{C54EA613-C5FD-4ACD-8AC4-79063B08CF5A} = {C54EA613-C5FD-4ACD-8AC4-79063B08CF5A}
		{D138493B-6F2E-4B9F-8F79-17B73422D87F} = {D138493B-6F2E-4B9F-8F79-17B73422D87F}
		{52C26C5B-23E5-48A2-B403-5FF5C898E91A} = {52C26C5B-23E5-48A2-B403-5FF5C898E91A}
		{67F65F5D-A62A-4752-849D-BFF30D828107} = {67F65F5D-A62A-4752-849D-BFF30D828107}
		{9103D682-D1AA-4A95-A499-896F551AAA62} = {9103D682-D1AA-4A95-A499-896F551AAA62}
		{7009BBCB-8CA4-49EC-BE95-B27C07771CDF} = {7009BBCB-8CA4-49EC-BE95-B27C07771CDF}
	EndProjectSection
EndProject
Project("{9A19103F-16F7-4668-BE54-9A1E7A4F7556}") = "FromTheDepths", "Games\Oxide.FromTheDepths\FromTheDepths.csproj", "{AB03DC01-3F9A-4D2B-B3D0-A6D68D58083F}"
	ProjectSection(ProjectDependencies) = postProject
		{C54EA613-C5FD-4ACD-8AC4-79063B08CF5A} = {C54EA613-C5FD-4ACD-8AC4-79063B08CF5A}
		{D138493B-6F2E-4B9F-8F79-17B73422D87F} = {D138493B-6F2E-4B9F-8F79-17B73422D87F}
		{52C26C5B-23E5-48A2-B403-5FF5C898E91A} = {52C26C5B-23E5-48A2-B403-5FF5C898E91A}
		{67F65F5D-A62A-4752-849D-BFF30D828107} = {67F65F5D-A62A-4752-849D-BFF30D828107}
		{9103D682-D1AA-4A95-A499-896F551AAA62} = {9103D682-D1AA-4A95-A499-896F551AAA62}
		{7009BBCB-8CA4-49EC-BE95-B27C07771CDF} = {7009BBCB-8CA4-49EC-BE95-B27C07771CDF}
	EndProjectSection
EndProject
Project("{9A19103F-16F7-4668-BE54-9A1E7A4F7556}") = "FortressCraft", "Games\Oxide.FortressCraft\FortressCraft.csproj", "{3DD2FE31-AE26-40EB-8FEC-99860C4AFF0A}"
	ProjectSection(ProjectDependencies) = postProject
		{C54EA613-C5FD-4ACD-8AC4-79063B08CF5A} = {C54EA613-C5FD-4ACD-8AC4-79063B08CF5A}
		{D138493B-6F2E-4B9F-8F79-17B73422D87F} = {D138493B-6F2E-4B9F-8F79-17B73422D87F}
		{52C26C5B-23E5-48A2-B403-5FF5C898E91A} = {52C26C5B-23E5-48A2-B403-5FF5C898E91A}
		{67F65F5D-A62A-4752-849D-BFF30D828107} = {67F65F5D-A62A-4752-849D-BFF30D828107}
		{9103D682-D1AA-4A95-A499-896F551AAA62} = {9103D682-D1AA-4A95-A499-896F551AAA62}
		{7009BBCB-8CA4-49EC-BE95-B27C07771CDF} = {7009BBCB-8CA4-49EC-BE95-B27C07771CDF}
	EndProjectSection
EndProject
Project("{9A19103F-16F7-4668-BE54-9A1E7A4F7556}") = "GangBeasts", "Games\Oxide.GangBeasts\GangBeasts.csproj", "{2AA9D74B-1483-47EF-8ABC-330C83A317D2}"
	ProjectSection(ProjectDependencies) = postProject
		{C54EA613-C5FD-4ACD-8AC4-79063B08CF5A} = {C54EA613-C5FD-4ACD-8AC4-79063B08CF5A}
		{D138493B-6F2E-4B9F-8F79-17B73422D87F} = {D138493B-6F2E-4B9F-8F79-17B73422D87F}
		{52C26C5B-23E5-48A2-B403-5FF5C898E91A} = {52C26C5B-23E5-48A2-B403-5FF5C898E91A}
		{67F65F5D-A62A-4752-849D-BFF30D828107} = {67F65F5D-A62A-4752-849D-BFF30D828107}
		{9103D682-D1AA-4A95-A499-896F551AAA62} = {9103D682-D1AA-4A95-A499-896F551AAA62}
		{7009BBCB-8CA4-49EC-BE95-B27C07771CDF} = {7009BBCB-8CA4-49EC-BE95-B27C07771CDF}
	EndProjectSection
EndProject
Project("{9A19103F-16F7-4668-BE54-9A1E7A4F7556}") = "Hurtworld", "Games\Oxide.Hurtworld\Hurtworld.csproj", "{BC923352-6DCB-47B2-BADC-67052C62FE2E}"
	ProjectSection(ProjectDependencies) = postProject
		{C54EA613-C5FD-4ACD-8AC4-79063B08CF5A} = {C54EA613-C5FD-4ACD-8AC4-79063B08CF5A}
		{D138493B-6F2E-4B9F-8F79-17B73422D87F} = {D138493B-6F2E-4B9F-8F79-17B73422D87F}
		{52C26C5B-23E5-48A2-B403-5FF5C898E91A} = {52C26C5B-23E5-48A2-B403-5FF5C898E91A}
		{67F65F5D-A62A-4752-849D-BFF30D828107} = {67F65F5D-A62A-4752-849D-BFF30D828107}
		{9103D682-D1AA-4A95-A499-896F551AAA62} = {9103D682-D1AA-4A95-A499-896F551AAA62}
		{7009BBCB-8CA4-49EC-BE95-B27C07771CDF} = {7009BBCB-8CA4-49EC-BE95-B27C07771CDF}
	EndProjectSection
EndProject
Project("{9A19103F-16F7-4668-BE54-9A1E7A4F7556}") = "InterstellarRift", "Games\Oxide.InterstellarRift\InterstellarRift.csproj", "{A8120E4E-274F-44B6-B13D-B3362FD57954}"
	ProjectSection(ProjectDependencies) = postProject
		{C54EA613-C5FD-4ACD-8AC4-79063B08CF5A} = {C54EA613-C5FD-4ACD-8AC4-79063B08CF5A}
		{D138493B-6F2E-4B9F-8F79-17B73422D87F} = {D138493B-6F2E-4B9F-8F79-17B73422D87F}
		{67F65F5D-A62A-4752-849D-BFF30D828107} = {67F65F5D-A62A-4752-849D-BFF30D828107}
		{9103D682-D1AA-4A95-A499-896F551AAA62} = {9103D682-D1AA-4A95-A499-896F551AAA62}
		{7009BBCB-8CA4-49EC-BE95-B27C07771CDF} = {7009BBCB-8CA4-49EC-BE95-B27C07771CDF}
	EndProjectSection
EndProject
Project("{9A19103F-16F7-4668-BE54-9A1E7A4F7556}") = "MedievalEngineers", "Games\Oxide.MedievalEngineers\MedievalEngineers.csproj", "{E7E14011-2972-4FF0-998C-90AF061425E7}"
	ProjectSection(ProjectDependencies) = postProject
		{C54EA613-C5FD-4ACD-8AC4-79063B08CF5A} = {C54EA613-C5FD-4ACD-8AC4-79063B08CF5A}
		{D138493B-6F2E-4B9F-8F79-17B73422D87F} = {D138493B-6F2E-4B9F-8F79-17B73422D87F}
		{67F65F5D-A62A-4752-849D-BFF30D828107} = {67F65F5D-A62A-4752-849D-BFF30D828107}
		{9103D682-D1AA-4A95-A499-896F551AAA62} = {9103D682-D1AA-4A95-A499-896F551AAA62}
		{7009BBCB-8CA4-49EC-BE95-B27C07771CDF} = {7009BBCB-8CA4-49EC-BE95-B27C07771CDF}
	EndProjectSection
EndProject
Project("{9A19103F-16F7-4668-BE54-9A1E7A4F7556}") = "Nomad", "Games\Oxide.Nomad\Nomad.csproj", "{D4DD480D-1417-457F-A809-208E17F21C47}"
	ProjectSection(ProjectDependencies) = postProject
		{C54EA613-C5FD-4ACD-8AC4-79063B08CF5A} = {C54EA613-C5FD-4ACD-8AC4-79063B08CF5A}
		{D138493B-6F2E-4B9F-8F79-17B73422D87F} = {D138493B-6F2E-4B9F-8F79-17B73422D87F}
		{67F65F5D-A62A-4752-849D-BFF30D828107} = {67F65F5D-A62A-4752-849D-BFF30D828107}
		{9103D682-D1AA-4A95-A499-896F551AAA62} = {9103D682-D1AA-4A95-A499-896F551AAA62}
		{7009BBCB-8CA4-49EC-BE95-B27C07771CDF} = {7009BBCB-8CA4-49EC-BE95-B27C07771CDF}
	EndProjectSection
EndProject
Project("{9A19103F-16F7-4668-BE54-9A1E7A4F7556}") = "PlanetExplorers", "Games\Oxide.PlanetExplorers\PlanetExplorers.csproj", "{755A7DFB-C243-4DB0-AEA8-CC6837FBFE66}"
	ProjectSection(ProjectDependencies) = postProject
		{C54EA613-C5FD-4ACD-8AC4-79063B08CF5A} = {C54EA613-C5FD-4ACD-8AC4-79063B08CF5A}
		{D138493B-6F2E-4B9F-8F79-17B73422D87F} = {D138493B-6F2E-4B9F-8F79-17B73422D87F}
		{52C26C5B-23E5-48A2-B403-5FF5C898E91A} = {52C26C5B-23E5-48A2-B403-5FF5C898E91A}
		{67F65F5D-A62A-4752-849D-BFF30D828107} = {67F65F5D-A62A-4752-849D-BFF30D828107}
		{9103D682-D1AA-4A95-A499-896F551AAA62} = {9103D682-D1AA-4A95-A499-896F551AAA62}
		{7009BBCB-8CA4-49EC-BE95-B27C07771CDF} = {7009BBCB-8CA4-49EC-BE95-B27C07771CDF}
	EndProjectSection
EndProject
Project("{9A19103F-16F7-4668-BE54-9A1E7A4F7556}") = "ReignOfKings", "Games\Oxide.ReignOfKings\ReignOfKings.csproj", "{E6788452-90F2-4388-A9BC-67D7EBBFF8CD}"
	ProjectSection(ProjectDependencies) = postProject
		{C54EA613-C5FD-4ACD-8AC4-79063B08CF5A} = {C54EA613-C5FD-4ACD-8AC4-79063B08CF5A}
		{D138493B-6F2E-4B9F-8F79-17B73422D87F} = {D138493B-6F2E-4B9F-8F79-17B73422D87F}
		{52C26C5B-23E5-48A2-B403-5FF5C898E91A} = {52C26C5B-23E5-48A2-B403-5FF5C898E91A}
		{67F65F5D-A62A-4752-849D-BFF30D828107} = {67F65F5D-A62A-4752-849D-BFF30D828107}
		{9103D682-D1AA-4A95-A499-896F551AAA62} = {9103D682-D1AA-4A95-A499-896F551AAA62}
		{7009BBCB-8CA4-49EC-BE95-B27C07771CDF} = {7009BBCB-8CA4-49EC-BE95-B27C07771CDF}
	EndProjectSection
EndProject
Project("{9A19103F-16F7-4668-BE54-9A1E7A4F7556}") = "Rust", "Games\Oxide.Rust\Rust.csproj", "{87568E26-BF3C-4A14-A3C4-8B74616D6FA9}"
	ProjectSection(ProjectDependencies) = postProject
		{C54EA613-C5FD-4ACD-8AC4-79063B08CF5A} = {C54EA613-C5FD-4ACD-8AC4-79063B08CF5A}
		{D138493B-6F2E-4B9F-8F79-17B73422D87F} = {D138493B-6F2E-4B9F-8F79-17B73422D87F}
		{52C26C5B-23E5-48A2-B403-5FF5C898E91A} = {52C26C5B-23E5-48A2-B403-5FF5C898E91A}
		{67F65F5D-A62A-4752-849D-BFF30D828107} = {67F65F5D-A62A-4752-849D-BFF30D828107}
		{9103D682-D1AA-4A95-A499-896F551AAA62} = {9103D682-D1AA-4A95-A499-896F551AAA62}
		{7009BBCB-8CA4-49EC-BE95-B27C07771CDF} = {7009BBCB-8CA4-49EC-BE95-B27C07771CDF}
	EndProjectSection
EndProject
Project("{9A19103F-16F7-4668-BE54-9A1E7A4F7556}") = "RustLegacy", "Games\Oxide.RustLegacy\RustLegacy.csproj", "{ADA2D153-8B29-4B9D-A20F-B24150471715}"
	ProjectSection(ProjectDependencies) = postProject
		{C54EA613-C5FD-4ACD-8AC4-79063B08CF5A} = {C54EA613-C5FD-4ACD-8AC4-79063B08CF5A}
		{D138493B-6F2E-4B9F-8F79-17B73422D87F} = {D138493B-6F2E-4B9F-8F79-17B73422D87F}
		{52C26C5B-23E5-48A2-B403-5FF5C898E91A} = {52C26C5B-23E5-48A2-B403-5FF5C898E91A}
		{67F65F5D-A62A-4752-849D-BFF30D828107} = {67F65F5D-A62A-4752-849D-BFF30D828107}
		{9103D682-D1AA-4A95-A499-896F551AAA62} = {9103D682-D1AA-4A95-A499-896F551AAA62}
		{7009BBCB-8CA4-49EC-BE95-B27C07771CDF} = {7009BBCB-8CA4-49EC-BE95-B27C07771CDF}
	EndProjectSection
EndProject
Project("{9A19103F-16F7-4668-BE54-9A1E7A4F7556}") = "SavageLands", "Games\Oxide.SavageLands\SavageLands.csproj", "{3D5B8BFF-FB96-4732-BDA2-BAADD42BE4D7}"
	ProjectSection(ProjectDependencies) = postProject
		{C54EA613-C5FD-4ACD-8AC4-79063B08CF5A} = {C54EA613-C5FD-4ACD-8AC4-79063B08CF5A}
		{D138493B-6F2E-4B9F-8F79-17B73422D87F} = {D138493B-6F2E-4B9F-8F79-17B73422D87F}
		{52C26C5B-23E5-48A2-B403-5FF5C898E91A} = {52C26C5B-23E5-48A2-B403-5FF5C898E91A}
		{67F65F5D-A62A-4752-849D-BFF30D828107} = {67F65F5D-A62A-4752-849D-BFF30D828107}
		{9103D682-D1AA-4A95-A499-896F551AAA62} = {9103D682-D1AA-4A95-A499-896F551AAA62}
		{7009BBCB-8CA4-49EC-BE95-B27C07771CDF} = {7009BBCB-8CA4-49EC-BE95-B27C07771CDF}
	EndProjectSection
EndProject
Project("{9A19103F-16F7-4668-BE54-9A1E7A4F7556}") = "SevenDaysToDie", "Games\Oxide.SevenDaysToDie\SevenDaysToDie.csproj", "{6A987A21-D407-41C6-AD9F-E5D3DF22D617}"
	ProjectSection(ProjectDependencies) = postProject
		{C54EA613-C5FD-4ACD-8AC4-79063B08CF5A} = {C54EA613-C5FD-4ACD-8AC4-79063B08CF5A}
		{D138493B-6F2E-4B9F-8F79-17B73422D87F} = {D138493B-6F2E-4B9F-8F79-17B73422D87F}
		{52C26C5B-23E5-48A2-B403-5FF5C898E91A} = {52C26C5B-23E5-48A2-B403-5FF5C898E91A}
		{67F65F5D-A62A-4752-849D-BFF30D828107} = {67F65F5D-A62A-4752-849D-BFF30D828107}
		{9103D682-D1AA-4A95-A499-896F551AAA62} = {9103D682-D1AA-4A95-A499-896F551AAA62}
		{7009BBCB-8CA4-49EC-BE95-B27C07771CDF} = {7009BBCB-8CA4-49EC-BE95-B27C07771CDF}
	EndProjectSection
EndProject
Project("{9A19103F-16F7-4668-BE54-9A1E7A4F7556}") = "SpaceEngineers", "Games\Oxide.SpaceEngineers\SpaceEngineers.csproj", "{DB451505-3B05-4A36-822B-EE044B49D46F}"
	ProjectSection(ProjectDependencies) = postProject
		{C54EA613-C5FD-4ACD-8AC4-79063B08CF5A} = {C54EA613-C5FD-4ACD-8AC4-79063B08CF5A}
		{D138493B-6F2E-4B9F-8F79-17B73422D87F} = {D138493B-6F2E-4B9F-8F79-17B73422D87F}
	EndProjectSection
EndProject
Project("{9A19103F-16F7-4668-BE54-9A1E7A4F7556}") = "Terraria", "Games\Oxide.Terraria\Terraria.csproj", "{CB0983BB-3B6E-4458-8484-EA0F2117EA1E}"
	ProjectSection(ProjectDependencies) = postProject
		{C54EA613-C5FD-4ACD-8AC4-79063B08CF5A} = {C54EA613-C5FD-4ACD-8AC4-79063B08CF5A}
		{D138493B-6F2E-4B9F-8F79-17B73422D87F} = {D138493B-6F2E-4B9F-8F79-17B73422D87F}
		{67F65F5D-A62A-4752-849D-BFF30D828107} = {67F65F5D-A62A-4752-849D-BFF30D828107}
		{9103D682-D1AA-4A95-A499-896F551AAA62} = {9103D682-D1AA-4A95-A499-896F551AAA62}
		{7009BBCB-8CA4-49EC-BE95-B27C07771CDF} = {7009BBCB-8CA4-49EC-BE95-B27C07771CDF}
	EndProjectSection
EndProject
Project("{9A19103F-16F7-4668-BE54-9A1E7A4F7556}") = "TheForest", "Games\Oxide.TheForest\TheForest.csproj", "{183056B0-1635-46BB-81CC-8669EE46E83F}"
	ProjectSection(ProjectDependencies) = postProject
		{C54EA613-C5FD-4ACD-8AC4-79063B08CF5A} = {C54EA613-C5FD-4ACD-8AC4-79063B08CF5A}
		{D138493B-6F2E-4B9F-8F79-17B73422D87F} = {D138493B-6F2E-4B9F-8F79-17B73422D87F}
		{52C26C5B-23E5-48A2-B403-5FF5C898E91A} = {52C26C5B-23E5-48A2-B403-5FF5C898E91A}
		{67F65F5D-A62A-4752-849D-BFF30D828107} = {67F65F5D-A62A-4752-849D-BFF30D828107}
		{9103D682-D1AA-4A95-A499-896F551AAA62} = {9103D682-D1AA-4A95-A499-896F551AAA62}
		{7009BBCB-8CA4-49EC-BE95-B27C07771CDF} = {7009BBCB-8CA4-49EC-BE95-B27C07771CDF}
	EndProjectSection
EndProject
Project("{9A19103F-16F7-4668-BE54-9A1E7A4F7556}") = "Unturned", "Games\Oxide.Unturned\Unturned.csproj", "{D1B5C8DE-48E7-4CCB-90C2-25B1329A436E}"
	ProjectSection(ProjectDependencies) = postProject
		{C54EA613-C5FD-4ACD-8AC4-79063B08CF5A} = {C54EA613-C5FD-4ACD-8AC4-79063B08CF5A}
		{D138493B-6F2E-4B9F-8F79-17B73422D87F} = {D138493B-6F2E-4B9F-8F79-17B73422D87F}
		{52C26C5B-23E5-48A2-B403-5FF5C898E91A} = {52C26C5B-23E5-48A2-B403-5FF5C898E91A}
		{67F65F5D-A62A-4752-849D-BFF30D828107} = {67F65F5D-A62A-4752-849D-BFF30D828107}
		{9103D682-D1AA-4A95-A499-896F551AAA62} = {9103D682-D1AA-4A95-A499-896F551AAA62}
		{7009BBCB-8CA4-49EC-BE95-B27C07771CDF} = {7009BBCB-8CA4-49EC-BE95-B27C07771CDF}
	EndProjectSection
EndProject
Project("{9A19103F-16F7-4668-BE54-9A1E7A4F7556}") = "Tests", "Oxide.Tests\Tests.csproj", "{04DC61C2-E138-4D67-BFA1-50208DFA6B75}"
EndProject
Project("{2150E333-8FDC-42A3-9474-1A3956D46DE8}") = "Extensions", "Extensions", "{416F6DE6-5A93-4D82-BF6C-4FCCA4394559}"
EndProject
Project("{2150E333-8FDC-42A3-9474-1A3956D46DE8}") = "Games", "Games", "{C4C1902A-42A0-4F81-B328-59E32B2A1F37}"
EndProject
Project("{2150E333-8FDC-42A3-9474-1A3956D46DE8}") = "Other", "Other", "{956AB1A0-3B1D-41A8-89EB-51ED0218B4D6}"
EndProject
Project("{2150E333-8FDC-42A3-9474-1A3956D46DE8}") = "Unity", "Unity", "{939EF8DA-FF66-418A-9011-38BCDE653257}"
EndProject
Project("{2150E333-8FDC-42A3-9474-1A3956D46DE8}") = "VRage", "VRage", "{E9FE89D3-AD40-4604-B6FC-6BF2A0E72E0F}"
EndProject
Global
	GlobalSection(SolutionConfigurationPlatforms) = preSolution
		Debug|Any CPU = Debug|Any CPU
		Release|Any CPU = Release|Any CPU
	EndGlobalSection
	GlobalSection(ProjectConfigurationPlatforms) = postSolution
		{67F65F5D-A62A-4752-849D-BFF30D828107}.Debug|Any CPU.ActiveCfg = Debug|Any CPU
		{67F65F5D-A62A-4752-849D-BFF30D828107}.Debug|Any CPU.Build.0 = Debug|Any CPU
		{67F65F5D-A62A-4752-849D-BFF30D828107}.Release|Any CPU.ActiveCfg = Release|Any CPU
		{67F65F5D-A62A-4752-849D-BFF30D828107}.Release|Any CPU.Build.0 = Release|Any CPU
		{7009BBCB-8CA4-49EC-BE95-B27C07771CDF}.Debug|Any CPU.ActiveCfg = Debug|Any CPU
		{7009BBCB-8CA4-49EC-BE95-B27C07771CDF}.Debug|Any CPU.Build.0 = Debug|Any CPU
		{7009BBCB-8CA4-49EC-BE95-B27C07771CDF}.Release|Any CPU.ActiveCfg = Release|Any CPU
		{7009BBCB-8CA4-49EC-BE95-B27C07771CDF}.Release|Any CPU.Build.0 = Release|Any CPU
		{9103D682-D1AA-4A95-A499-896F551AAA62}.Debug|Any CPU.ActiveCfg = Debug|Any CPU
		{9103D682-D1AA-4A95-A499-896F551AAA62}.Debug|Any CPU.Build.0 = Debug|Any CPU
		{9103D682-D1AA-4A95-A499-896F551AAA62}.Release|Any CPU.ActiveCfg = Release|Any CPU
		{9103D682-D1AA-4A95-A499-896F551AAA62}.Release|Any CPU.Build.0 = Release|Any CPU
		{3A9897BD-2022-4621-BC2C-F05EA39FA4EF}.Debug|Any CPU.ActiveCfg = Debug|Any CPU
		{3A9897BD-2022-4621-BC2C-F05EA39FA4EF}.Debug|Any CPU.Build.0 = Debug|Any CPU
		{3A9897BD-2022-4621-BC2C-F05EA39FA4EF}.Release|Any CPU.ActiveCfg = Release|Any CPU
		{3A9897BD-2022-4621-BC2C-F05EA39FA4EF}.Release|Any CPU.Build.0 = Release|Any CPU
		{18D00F0B-8CF3-4002-940A-4A8CA449A352}.Debug|Any CPU.ActiveCfg = Debug|Any CPU
		{18D00F0B-8CF3-4002-940A-4A8CA449A352}.Debug|Any CPU.Build.0 = Debug|Any CPU
		{18D00F0B-8CF3-4002-940A-4A8CA449A352}.Release|Any CPU.ActiveCfg = Release|Any CPU
		{18D00F0B-8CF3-4002-940A-4A8CA449A352}.Release|Any CPU.Build.0 = Release|Any CPU
		{D138493B-6F2E-4B9F-8F79-17B73422D87F}.Debug|Any CPU.ActiveCfg = Debug|Any CPU
		{D138493B-6F2E-4B9F-8F79-17B73422D87F}.Debug|Any CPU.Build.0 = Debug|Any CPU
		{D138493B-6F2E-4B9F-8F79-17B73422D87F}.Release|Any CPU.ActiveCfg = Release|Any CPU
		{D138493B-6F2E-4B9F-8F79-17B73422D87F}.Release|Any CPU.Build.0 = Release|Any CPU
		{B05D4995-6E61-4E82-AC91-5A7B46EC9781}.Debug|Any CPU.ActiveCfg = Debug|Any CPU
		{B05D4995-6E61-4E82-AC91-5A7B46EC9781}.Debug|Any CPU.Build.0 = Debug|Any CPU
		{B05D4995-6E61-4E82-AC91-5A7B46EC9781}.Release|Any CPU.ActiveCfg = Release|Any CPU
		{B05D4995-6E61-4E82-AC91-5A7B46EC9781}.Release|Any CPU.Build.0 = Release|Any CPU
		{C54EA613-C5FD-4ACD-8AC4-79063B08CF5A}.Debug|Any CPU.ActiveCfg = Debug|Any CPU
		{C54EA613-C5FD-4ACD-8AC4-79063B08CF5A}.Debug|Any CPU.Build.0 = Debug|Any CPU
		{C54EA613-C5FD-4ACD-8AC4-79063B08CF5A}.Release|Any CPU.ActiveCfg = Release|Any CPU
		{C54EA613-C5FD-4ACD-8AC4-79063B08CF5A}.Release|Any CPU.Build.0 = Release|Any CPU
		{52C26C5B-23E5-48A2-B403-5FF5C898E91A}.Debug|Any CPU.ActiveCfg = Debug|Any CPU
		{52C26C5B-23E5-48A2-B403-5FF5C898E91A}.Debug|Any CPU.Build.0 = Debug|Any CPU
		{52C26C5B-23E5-48A2-B403-5FF5C898E91A}.Release|Any CPU.ActiveCfg = Release|Any CPU
		{52C26C5B-23E5-48A2-B403-5FF5C898E91A}.Release|Any CPU.Build.0 = Release|Any CPU
		{A4E170BC-7E8F-4CAE-88F8-EB28FD8C27B5}.Debug|Any CPU.ActiveCfg = Debug|Any CPU
		{A4E170BC-7E8F-4CAE-88F8-EB28FD8C27B5}.Debug|Any CPU.Build.0 = Debug|Any CPU
		{A4E170BC-7E8F-4CAE-88F8-EB28FD8C27B5}.Release|Any CPU.ActiveCfg = Release|Any CPU
		{A4E170BC-7E8F-4CAE-88F8-EB28FD8C27B5}.Release|Any CPU.Build.0 = Release|Any CPU
		{0D3AF12E-CDD8-4691-ADE4-364D5D5A5D32}.Debug|Any CPU.ActiveCfg = Debug|Any CPU
		{0D3AF12E-CDD8-4691-ADE4-364D5D5A5D32}.Debug|Any CPU.Build.0 = Debug|Any CPU
		{0D3AF12E-CDD8-4691-ADE4-364D5D5A5D32}.Release|Any CPU.ActiveCfg = Release|Any CPU
		{0D3AF12E-CDD8-4691-ADE4-364D5D5A5D32}.Release|Any CPU.Build.0 = Release|Any CPU
		{AB03DC01-3F9A-4D2B-B3D0-A6D68D58083F}.Debug|Any CPU.ActiveCfg = Debug|Any CPU
		{AB03DC01-3F9A-4D2B-B3D0-A6D68D58083F}.Debug|Any CPU.Build.0 = Debug|Any CPU
		{AB03DC01-3F9A-4D2B-B3D0-A6D68D58083F}.Release|Any CPU.ActiveCfg = Release|Any CPU
		{AB03DC01-3F9A-4D2B-B3D0-A6D68D58083F}.Release|Any CPU.Build.0 = Release|Any CPU
		{3DD2FE31-AE26-40EB-8FEC-99860C4AFF0A}.Debug|Any CPU.ActiveCfg = Debug|Any CPU
		{3DD2FE31-AE26-40EB-8FEC-99860C4AFF0A}.Debug|Any CPU.Build.0 = Debug|Any CPU
		{3DD2FE31-AE26-40EB-8FEC-99860C4AFF0A}.Release|Any CPU.ActiveCfg = Release|Any CPU
		{3DD2FE31-AE26-40EB-8FEC-99860C4AFF0A}.Release|Any CPU.Build.0 = Release|Any CPU
		{2AA9D74B-1483-47EF-8ABC-330C83A317D2}.Debug|Any CPU.ActiveCfg = Debug|Any CPU
		{2AA9D74B-1483-47EF-8ABC-330C83A317D2}.Debug|Any CPU.Build.0 = Debug|Any CPU
		{2AA9D74B-1483-47EF-8ABC-330C83A317D2}.Release|Any CPU.ActiveCfg = Release|Any CPU
		{2AA9D74B-1483-47EF-8ABC-330C83A317D2}.Release|Any CPU.Build.0 = Release|Any CPU
		{BC923352-6DCB-47B2-BADC-67052C62FE2E}.Debug|Any CPU.ActiveCfg = Debug|Any CPU
		{BC923352-6DCB-47B2-BADC-67052C62FE2E}.Debug|Any CPU.Build.0 = Debug|Any CPU
		{BC923352-6DCB-47B2-BADC-67052C62FE2E}.Release|Any CPU.ActiveCfg = Release|Any CPU
		{BC923352-6DCB-47B2-BADC-67052C62FE2E}.Release|Any CPU.Build.0 = Release|Any CPU
		{A8120E4E-274F-44B6-B13D-B3362FD57954}.Debug|Any CPU.ActiveCfg = Debug|Any CPU
		{A8120E4E-274F-44B6-B13D-B3362FD57954}.Debug|Any CPU.Build.0 = Debug|Any CPU
		{A8120E4E-274F-44B6-B13D-B3362FD57954}.Release|Any CPU.ActiveCfg = Release|Any CPU
		{A8120E4E-274F-44B6-B13D-B3362FD57954}.Release|Any CPU.Build.0 = Release|Any CPU
		{E7E14011-2972-4FF0-998C-90AF061425E7}.Debug|Any CPU.ActiveCfg = Debug|Any CPU
		{E7E14011-2972-4FF0-998C-90AF061425E7}.Debug|Any CPU.Build.0 = Debug|Any CPU
		{E7E14011-2972-4FF0-998C-90AF061425E7}.Release|Any CPU.ActiveCfg = Release|Any CPU
		{E7E14011-2972-4FF0-998C-90AF061425E7}.Release|Any CPU.Build.0 = Release|Any CPU
		{D4DD480D-1417-457F-A809-208E17F21C47}.Debug|Any CPU.ActiveCfg = Debug|Any CPU
		{D4DD480D-1417-457F-A809-208E17F21C47}.Debug|Any CPU.Build.0 = Debug|Any CPU
		{D4DD480D-1417-457F-A809-208E17F21C47}.Release|Any CPU.ActiveCfg = Release|Any CPU
		{D4DD480D-1417-457F-A809-208E17F21C47}.Release|Any CPU.Build.0 = Release|Any CPU
		{755A7DFB-C243-4DB0-AEA8-CC6837FBFE66}.Debug|Any CPU.ActiveCfg = Debug|Any CPU
		{755A7DFB-C243-4DB0-AEA8-CC6837FBFE66}.Debug|Any CPU.Build.0 = Debug|Any CPU
		{755A7DFB-C243-4DB0-AEA8-CC6837FBFE66}.Release|Any CPU.ActiveCfg = Release|Any CPU
		{755A7DFB-C243-4DB0-AEA8-CC6837FBFE66}.Release|Any CPU.Build.0 = Release|Any CPU
		{E6788452-90F2-4388-A9BC-67D7EBBFF8CD}.Debug|Any CPU.ActiveCfg = Debug|Any CPU
		{E6788452-90F2-4388-A9BC-67D7EBBFF8CD}.Debug|Any CPU.Build.0 = Debug|Any CPU
		{E6788452-90F2-4388-A9BC-67D7EBBFF8CD}.Release|Any CPU.ActiveCfg = Release|Any CPU
		{E6788452-90F2-4388-A9BC-67D7EBBFF8CD}.Release|Any CPU.Build.0 = Release|Any CPU
		{87568E26-BF3C-4A14-A3C4-8B74616D6FA9}.Debug|Any CPU.ActiveCfg = Debug|Any CPU
		{87568E26-BF3C-4A14-A3C4-8B74616D6FA9}.Debug|Any CPU.Build.0 = Debug|Any CPU
		{87568E26-BF3C-4A14-A3C4-8B74616D6FA9}.Release|Any CPU.ActiveCfg = Release|Any CPU
		{87568E26-BF3C-4A14-A3C4-8B74616D6FA9}.Release|Any CPU.Build.0 = Release|Any CPU
		{ADA2D153-8B29-4B9D-A20F-B24150471715}.Debug|Any CPU.ActiveCfg = Debug|Any CPU
		{ADA2D153-8B29-4B9D-A20F-B24150471715}.Debug|Any CPU.Build.0 = Debug|Any CPU
		{ADA2D153-8B29-4B9D-A20F-B24150471715}.Release|Any CPU.ActiveCfg = Release|Any CPU
		{ADA2D153-8B29-4B9D-A20F-B24150471715}.Release|Any CPU.Build.0 = Release|Any CPU
		{3D5B8BFF-FB96-4732-BDA2-BAADD42BE4D7}.Debug|Any CPU.ActiveCfg = Debug|Any CPU
		{3D5B8BFF-FB96-4732-BDA2-BAADD42BE4D7}.Debug|Any CPU.Build.0 = Debug|Any CPU
		{3D5B8BFF-FB96-4732-BDA2-BAADD42BE4D7}.Release|Any CPU.ActiveCfg = Release|Any CPU
		{3D5B8BFF-FB96-4732-BDA2-BAADD42BE4D7}.Release|Any CPU.Build.0 = Release|Any CPU
		{6A987A21-D407-41C6-AD9F-E5D3DF22D617}.Debug|Any CPU.ActiveCfg = Debug|Any CPU
		{6A987A21-D407-41C6-AD9F-E5D3DF22D617}.Debug|Any CPU.Build.0 = Debug|Any CPU
		{6A987A21-D407-41C6-AD9F-E5D3DF22D617}.Release|Any CPU.ActiveCfg = Release|Any CPU
		{6A987A21-D407-41C6-AD9F-E5D3DF22D617}.Release|Any CPU.Build.0 = Release|Any CPU
		{DB451505-3B05-4A36-822B-EE044B49D46F}.Debug|Any CPU.ActiveCfg = Debug|Any CPU
		{DB451505-3B05-4A36-822B-EE044B49D46F}.Debug|Any CPU.Build.0 = Debug|Any CPU
		{DB451505-3B05-4A36-822B-EE044B49D46F}.Release|Any CPU.ActiveCfg = Release|Any CPU
		{DB451505-3B05-4A36-822B-EE044B49D46F}.Release|Any CPU.Build.0 = Release|Any CPU
		{CB0983BB-3B6E-4458-8484-EA0F2117EA1E}.Debug|Any CPU.ActiveCfg = Debug|Any CPU
		{CB0983BB-3B6E-4458-8484-EA0F2117EA1E}.Debug|Any CPU.Build.0 = Debug|Any CPU
		{CB0983BB-3B6E-4458-8484-EA0F2117EA1E}.Release|Any CPU.ActiveCfg = Release|Any CPU
		{CB0983BB-3B6E-4458-8484-EA0F2117EA1E}.Release|Any CPU.Build.0 = Release|Any CPU
		{183056B0-1635-46BB-81CC-8669EE46E83F}.Debug|Any CPU.ActiveCfg = Debug|Any CPU
		{183056B0-1635-46BB-81CC-8669EE46E83F}.Debug|Any CPU.Build.0 = Debug|Any CPU
		{183056B0-1635-46BB-81CC-8669EE46E83F}.Release|Any CPU.ActiveCfg = Release|Any CPU
		{183056B0-1635-46BB-81CC-8669EE46E83F}.Release|Any CPU.Build.0 = Release|Any CPU
		{D1B5C8DE-48E7-4CCB-90C2-25B1329A436E}.Debug|Any CPU.ActiveCfg = Debug|Any CPU
		{D1B5C8DE-48E7-4CCB-90C2-25B1329A436E}.Debug|Any CPU.Build.0 = Debug|Any CPU
		{D1B5C8DE-48E7-4CCB-90C2-25B1329A436E}.Release|Any CPU.ActiveCfg = Release|Any CPU
		{D1B5C8DE-48E7-4CCB-90C2-25B1329A436E}.Release|Any CPU.Build.0 = Release|Any CPU
		{04DC61C2-E138-4D67-BFA1-50208DFA6B75}.Debug|Any CPU.ActiveCfg = Debug|Any CPU
		{04DC61C2-E138-4D67-BFA1-50208DFA6B75}.Debug|Any CPU.Build.0 = Debug|Any CPU
		{04DC61C2-E138-4D67-BFA1-50208DFA6B75}.Release|Any CPU.ActiveCfg = Release|Any CPU
		{04DC61C2-E138-4D67-BFA1-50208DFA6B75}.Release|Any CPU.Build.0 = Release|Any CPU
	EndGlobalSection
	GlobalSection(SolutionProperties) = preSolution
		HideSolutionNode = FALSE
	EndGlobalSection
	GlobalSection(NestedProjects) = preSolution
		{9103D682-D1AA-4A95-A499-896F551AAA62} = {416F6DE6-5A93-4D82-BF6C-4FCCA4394559}
		{3A9897BD-2022-4621-BC2C-F05EA39FA4EF} = {416F6DE6-5A93-4D82-BF6C-4FCCA4394559}
		{18D00F0B-8CF3-4002-940A-4A8CA449A352} = {416F6DE6-5A93-4D82-BF6C-4FCCA4394559}
		{D138493B-6F2E-4B9F-8F79-17B73422D87F} = {416F6DE6-5A93-4D82-BF6C-4FCCA4394559}
		{B05D4995-6E61-4E82-AC91-5A7B46EC9781} = {416F6DE6-5A93-4D82-BF6C-4FCCA4394559}
		{C54EA613-C5FD-4ACD-8AC4-79063B08CF5A} = {416F6DE6-5A93-4D82-BF6C-4FCCA4394559}
		{52C26C5B-23E5-48A2-B403-5FF5C898E91A} = {416F6DE6-5A93-4D82-BF6C-4FCCA4394559}
		{A4E170BC-7E8F-4CAE-88F8-EB28FD8C27B5} = {939EF8DA-FF66-418A-9011-38BCDE653257}
		{0D3AF12E-CDD8-4691-ADE4-364D5D5A5D32} = {939EF8DA-FF66-418A-9011-38BCDE653257}
		{AB03DC01-3F9A-4D2B-B3D0-A6D68D58083F} = {939EF8DA-FF66-418A-9011-38BCDE653257}
		{3DD2FE31-AE26-40EB-8FEC-99860C4AFF0A} = {939EF8DA-FF66-418A-9011-38BCDE653257}
		{2AA9D74B-1483-47EF-8ABC-330C83A317D2} = {939EF8DA-FF66-418A-9011-38BCDE653257}
		{BC923352-6DCB-47B2-BADC-67052C62FE2E} = {939EF8DA-FF66-418A-9011-38BCDE653257}
		{A8120E4E-274F-44B6-B13D-B3362FD57954} = {956AB1A0-3B1D-41A8-89EB-51ED0218B4D6}
		{E7E14011-2972-4FF0-998C-90AF061425E7} = {E9FE89D3-AD40-4604-B6FC-6BF2A0E72E0F}
		{D4DD480D-1417-457F-A809-208E17F21C47} = {956AB1A0-3B1D-41A8-89EB-51ED0218B4D6}
		{755A7DFB-C243-4DB0-AEA8-CC6837FBFE66} = {939EF8DA-FF66-418A-9011-38BCDE653257}
		{E6788452-90F2-4388-A9BC-67D7EBBFF8CD} = {939EF8DA-FF66-418A-9011-38BCDE653257}
		{87568E26-BF3C-4A14-A3C4-8B74616D6FA9} = {939EF8DA-FF66-418A-9011-38BCDE653257}
		{ADA2D153-8B29-4B9D-A20F-B24150471715} = {939EF8DA-FF66-418A-9011-38BCDE653257}
		{3D5B8BFF-FB96-4732-BDA2-BAADD42BE4D7} = {939EF8DA-FF66-418A-9011-38BCDE653257}
		{6A987A21-D407-41C6-AD9F-E5D3DF22D617} = {939EF8DA-FF66-418A-9011-38BCDE653257}
		{DB451505-3B05-4A36-822B-EE044B49D46F} = {E9FE89D3-AD40-4604-B6FC-6BF2A0E72E0F}
		{CB0983BB-3B6E-4458-8484-EA0F2117EA1E} = {956AB1A0-3B1D-41A8-89EB-51ED0218B4D6}
		{183056B0-1635-46BB-81CC-8669EE46E83F} = {939EF8DA-FF66-418A-9011-38BCDE653257}
		{D1B5C8DE-48E7-4CCB-90C2-25B1329A436E} = {939EF8DA-FF66-418A-9011-38BCDE653257}
		{956AB1A0-3B1D-41A8-89EB-51ED0218B4D6} = {C4C1902A-42A0-4F81-B328-59E32B2A1F37}
		{939EF8DA-FF66-418A-9011-38BCDE653257} = {C4C1902A-42A0-4F81-B328-59E32B2A1F37}
		{E9FE89D3-AD40-4604-B6FC-6BF2A0E72E0F} = {C4C1902A-42A0-4F81-B328-59E32B2A1F37}
	EndGlobalSection
	GlobalSection(ExtensibilityGlobals) = postSolution
		SolutionGuid = {FC745323-E34A-448B-875C-0F32CCD36B2D}
	EndGlobalSection
EndGlobal
