Microsoft Visual Studio Solution File, Format Version 12.00
# Visual Studio 14
VisualStudioVersion = 14.0.22609.0
MinimumVisualStudioVersion = 10.0.40219.1
Project("{FAE04EC0-301F-11D3-BF4B-00C04F79EFBC}") = "Oxide.Core", "Oxide.Core\Oxide.Core.csproj", "{67F65F5D-A62A-4752-849D-BFF30D828107}"
EndProject
Project("{FAE04EC0-301F-11D3-BF4B-00C04F79EFBC}") = "Oxide.Ext.CSharp", "Oxide.Ext.CSharp\Oxide.Ext.CSharp.csproj", "{9103D682-D1AA-4A95-A499-896F551AAA62}"
EndProject
Project("{FAE04EC0-301F-11D3-BF4B-00C04F79EFBC}") = "Oxide.Ext.JavaScript", "Oxide.Ext.JavaScript\Oxide.Ext.JavaScript.csproj", "{3A9897BD-2022-4621-BC2C-F05EA39FA4EF}"
EndProject
Project("{FAE04EC0-301F-11D3-BF4B-00C04F79EFBC}") = "Oxide.Ext.Lua", "Oxide.Ext.Lua\Oxide.Ext.Lua.csproj", "{18D00F0B-8CF3-4002-940A-4A8CA449A352}"
EndProject
Project("{FAE04EC0-301F-11D3-BF4B-00C04F79EFBC}") = "Oxide.Ext.MySql", "Oxide.Ext.MySql\Oxide.Ext.MySql.csproj", "{D138493B-6F2E-4B9F-8F79-17B73422D87F}"
EndProject
Project("{FAE04EC0-301F-11D3-BF4B-00C04F79EFBC}") = "Oxide.Ext.Python", "Oxide.Ext.Python\Oxide.Ext.Python.csproj", "{B05D4995-6E61-4E82-AC91-5A7B46EC9781}"
EndProject
Project("{FAE04EC0-301F-11D3-BF4B-00C04F79EFBC}") = "Oxide.Ext.Rust", "Oxide.Ext.Rust\Oxide.Ext.Rust.csproj", "{87568E26-BF3C-4A14-A3C4-8B74616D6FA9}"
EndProject
Project("{FAE04EC0-301F-11D3-BF4B-00C04F79EFBC}") = "Oxide.Ext.SevenDays", "Oxide.Ext.SevenDays\Oxide.Ext.SevenDays.csproj", "{6A987A21-D407-41C6-AD9F-E5D3DF22D617}"
EndProject
Project("{FAE04EC0-301F-11D3-BF4B-00C04F79EFBC}") = "Oxide.Ext.SQLite", "Oxide.Ext.SQLite\Oxide.Ext.SQLite.csproj", "{C54EA613-C5FD-4ACD-8AC4-79063B08CF5A}"
EndProject
Project("{FAE04EC0-301F-11D3-BF4B-00C04F79EFBC}") = "Oxide.Ext.Unity", "Oxide.Ext.Unity\Oxide.Ext.Unity.csproj", "{52C26C5B-23E5-48A2-B403-5FF5C898E91A}"
EndProject
Project("{FAE04EC0-301F-11D3-BF4B-00C04F79EFBC}") = "Oxide.Tests", "Oxide.Tests\Oxide.Tests.csproj", "{04DC61C2-E138-4D67-BFA1-50208DFA6B75}"
EndProject
Global
	GlobalSection(SolutionConfigurationPlatforms) = preSolution
		Debug|Any CPU = Debug|Any CPU
		Debug|x64 = Debug|x64
		Release|Any CPU = Release|Any CPU
		Release|x64 = Release|x64
	EndGlobalSection
	GlobalSection(ProjectConfigurationPlatforms) = postSolution
		{67F65F5D-A62A-4752-849D-BFF30D828107}.Debug|Any CPU.ActiveCfg = Debug|x64
		{67F65F5D-A62A-4752-849D-BFF30D828107}.Debug|x64.ActiveCfg = Debug|x64
		{67F65F5D-A62A-4752-849D-BFF30D828107}.Debug|x64.Build.0 = Debug|x64
		{67F65F5D-A62A-4752-849D-BFF30D828107}.Release|Any CPU.ActiveCfg = Release|x64
		{67F65F5D-A62A-4752-849D-BFF30D828107}.Release|x64.ActiveCfg = Release|x64
		{67F65F5D-A62A-4752-849D-BFF30D828107}.Release|x64.Build.0 = Release|x64
		{9103D682-D1AA-4A95-A499-896F551AAA62}.Debug|Any CPU.ActiveCfg = Debug|x64
		{9103D682-D1AA-4A95-A499-896F551AAA62}.Debug|x64.ActiveCfg = Debug|x64
		{9103D682-D1AA-4A95-A499-896F551AAA62}.Debug|x64.Build.0 = Debug|x64
		{9103D682-D1AA-4A95-A499-896F551AAA62}.Release|Any CPU.ActiveCfg = Release|x64
		{9103D682-D1AA-4A95-A499-896F551AAA62}.Release|x64.ActiveCfg = Release|x64
		{9103D682-D1AA-4A95-A499-896F551AAA62}.Release|x64.Build.0 = Release|x64
		{3A9897BD-2022-4621-BC2C-F05EA39FA4EF}.Debug|Any CPU.ActiveCfg = Debug|x64
		{3A9897BD-2022-4621-BC2C-F05EA39FA4EF}.Debug|x64.ActiveCfg = Debug|x64
		{3A9897BD-2022-4621-BC2C-F05EA39FA4EF}.Debug|x64.Build.0 = Debug|x64
		{3A9897BD-2022-4621-BC2C-F05EA39FA4EF}.Release|Any CPU.ActiveCfg = Release|x64
		{3A9897BD-2022-4621-BC2C-F05EA39FA4EF}.Release|x64.ActiveCfg = Release|x64
		{3A9897BD-2022-4621-BC2C-F05EA39FA4EF}.Release|x64.Build.0 = Release|x64
		{18D00F0B-8CF3-4002-940A-4A8CA449A352}.Debug|Any CPU.ActiveCfg = Debug|x64
		{18D00F0B-8CF3-4002-940A-4A8CA449A352}.Debug|x64.ActiveCfg = Debug|x64
		{18D00F0B-8CF3-4002-940A-4A8CA449A352}.Debug|x64.Build.0 = Debug|x64
		{18D00F0B-8CF3-4002-940A-4A8CA449A352}.Release|Any CPU.ActiveCfg = Release|x64
		{18D00F0B-8CF3-4002-940A-4A8CA449A352}.Release|x64.ActiveCfg = Release|x64
		{18D00F0B-8CF3-4002-940A-4A8CA449A352}.Release|x64.Build.0 = Release|x64
		{D138493B-6F2E-4B9F-8F79-17B73422D87F}.Debug|Any CPU.ActiveCfg = Debug|x64
		{D138493B-6F2E-4B9F-8F79-17B73422D87F}.Debug|x64.ActiveCfg = Debug|x64
		{D138493B-6F2E-4B9F-8F79-17B73422D87F}.Debug|x64.Build.0 = Debug|x64
		{D138493B-6F2E-4B9F-8F79-17B73422D87F}.Release|Any CPU.ActiveCfg = Release|x64
		{D138493B-6F2E-4B9F-8F79-17B73422D87F}.Release|x64.ActiveCfg = Release|x64
		{D138493B-6F2E-4B9F-8F79-17B73422D87F}.Release|x64.Build.0 = Release|x64
		{B05D4995-6E61-4E82-AC91-5A7B46EC9781}.Debug|Any CPU.ActiveCfg = Debug|x64
		{B05D4995-6E61-4E82-AC91-5A7B46EC9781}.Debug|x64.ActiveCfg = Debug|x64
		{B05D4995-6E61-4E82-AC91-5A7B46EC9781}.Debug|x64.Build.0 = Debug|x64
		{B05D4995-6E61-4E82-AC91-5A7B46EC9781}.Release|Any CPU.ActiveCfg = Release|x64
		{B05D4995-6E61-4E82-AC91-5A7B46EC9781}.Release|x64.ActiveCfg = Release|x64
		{B05D4995-6E61-4E82-AC91-5A7B46EC9781}.Release|x64.Build.0 = Release|x64
		{87568E26-BF3C-4A14-A3C4-8B74616D6FA9}.Debug|Any CPU.ActiveCfg = Debug|x64
		{87568E26-BF3C-4A14-A3C4-8B74616D6FA9}.Debug|x64.ActiveCfg = Debug|x64
		{87568E26-BF3C-4A14-A3C4-8B74616D6FA9}.Debug|x64.Build.0 = Debug|x64
		{87568E26-BF3C-4A14-A3C4-8B74616D6FA9}.Release|Any CPU.ActiveCfg = Release|x64
		{87568E26-BF3C-4A14-A3C4-8B74616D6FA9}.Release|x64.ActiveCfg = Release|x64
		{87568E26-BF3C-4A14-A3C4-8B74616D6FA9}.Release|x64.Build.0 = Release|x64
		{6A987A21-D407-41C6-AD9F-E5D3DF22D617}.Debug|Any CPU.ActiveCfg = Debug|x64
		{6A987A21-D407-41C6-AD9F-E5D3DF22D617}.Debug|x64.ActiveCfg = Debug|x64
		{6A987A21-D407-41C6-AD9F-E5D3DF22D617}.Debug|x64.Build.0 = Debug|x64
		{6A987A21-D407-41C6-AD9F-E5D3DF22D617}.Release|Any CPU.ActiveCfg = Release|x64
		{6A987A21-D407-41C6-AD9F-E5D3DF22D617}.Release|x64.ActiveCfg = Release|x64
		{6A987A21-D407-41C6-AD9F-E5D3DF22D617}.Release|x64.Build.0 = Release|x64
		{C54EA613-C5FD-4ACD-8AC4-79063B08CF5A}.Debug|Any CPU.ActiveCfg = Debug|x64
		{C54EA613-C5FD-4ACD-8AC4-79063B08CF5A}.Debug|x64.ActiveCfg = Debug|x64
		{C54EA613-C5FD-4ACD-8AC4-79063B08CF5A}.Debug|x64.Build.0 = Debug|x64
		{C54EA613-C5FD-4ACD-8AC4-79063B08CF5A}.Release|Any CPU.ActiveCfg = Release|x64
		{C54EA613-C5FD-4ACD-8AC4-79063B08CF5A}.Release|x64.ActiveCfg = Release|x64
		{C54EA613-C5FD-4ACD-8AC4-79063B08CF5A}.Release|x64.Build.0 = Release|x64
		{52C26C5B-23E5-48A2-B403-5FF5C898E91A}.Debug|Any CPU.ActiveCfg = Debug|x64
		{52C26C5B-23E5-48A2-B403-5FF5C898E91A}.Debug|x64.ActiveCfg = Debug|x64
		{52C26C5B-23E5-48A2-B403-5FF5C898E91A}.Debug|x64.Build.0 = Debug|x64
		{52C26C5B-23E5-48A2-B403-5FF5C898E91A}.Release|Any CPU.ActiveCfg = Release|x64
		{52C26C5B-23E5-48A2-B403-5FF5C898E91A}.Release|x64.ActiveCfg = Release|x64
		{52C26C5B-23E5-48A2-B403-5FF5C898E91A}.Release|x64.Build.0 = Release|x64
		{04DC61C2-E138-4D67-BFA1-50208DFA6B75}.Debug|Any CPU.ActiveCfg = Debug|x64
		{04DC61C2-E138-4D67-BFA1-50208DFA6B75}.Debug|x64.ActiveCfg = Debug|x64
		{04DC61C2-E138-4D67-BFA1-50208DFA6B75}.Debug|x64.Build.0 = Debug|x64
		{04DC61C2-E138-4D67-BFA1-50208DFA6B75}.Release|Any CPU.ActiveCfg = Release|x64
		{04DC61C2-E138-4D67-BFA1-50208DFA6B75}.Release|x64.ActiveCfg = Release|x64
		{04DC61C2-E138-4D67-BFA1-50208DFA6B75}.Release|x64.Build.0 = Release|x64
	EndGlobalSection
	GlobalSection(SolutionProperties) = preSolution
		HideSolutionNode = FALSE
	EndGlobalSection
EndGlobal
