Microsoft Visual Studio Solution File, Format Version 12.00
# Visual Studio 15
VisualStudioVersion = 15.0.27004.2002
MinimumVisualStudioVersion = 15.0
Project("{9A19103F-16F7-4668-BE54-9A1E7A4F7556}") = "Hurtworld", "Games\Oxide.Hurtworld\Hurtworld.csproj", "{BC923352-6DCB-47B2-BADC-67052C62FE2E}"
	ProjectSection(ProjectDependencies) = postProject
	EndProjectSection
EndProject
Project("{9A19103F-16F7-4668-BE54-9A1E7A4F7556}") = "PlanetExplorers", "Games\Oxide.PlanetExplorers\PlanetExplorers.csproj", "{755A7DFB-C243-4DB0-AEA8-CC6837FBFE66}"
	ProjectSection(ProjectDependencies) = postProject
	EndProjectSection
EndProject
Project("{9A19103F-16F7-4668-BE54-9A1E7A4F7556}") = "ReignOfKings", "Games\Oxide.ReignOfKings\ReignOfKings.csproj", "{E6788452-90F2-4388-A9BC-67D7EBBFF8CD}"
	ProjectSection(ProjectDependencies) = postProject
	EndProjectSection
EndProject
Project("{9A19103F-16F7-4668-BE54-9A1E7A4F7556}") = "RustLegacy", "Games\Oxide.RustLegacy\RustLegacy.csproj", "{ADA2D153-8B29-4B9D-A20F-B24150471715}"
	ProjectSection(ProjectDependencies) = postProject
	EndProjectSection
EndProject
Project("{9A19103F-16F7-4668-BE54-9A1E7A4F7556}") = "SavageLands", "Games\Oxide.SavageLands\SavageLands.csproj", "{3D5B8BFF-FB96-4732-BDA2-BAADD42BE4D7}"
	ProjectSection(ProjectDependencies) = postProject
	EndProjectSection
EndProject
Project("{9A19103F-16F7-4668-BE54-9A1E7A4F7556}") = "SevenDaysToDie", "Games\Oxide.SevenDaysToDie\SevenDaysToDie.csproj", "{6A987A21-D407-41C6-AD9F-E5D3DF22D617}"
	ProjectSection(ProjectDependencies) = postProject
	EndProjectSection
EndProject
Project("{9A19103F-16F7-4668-BE54-9A1E7A4F7556}") = "SpaceEngineers", "Games\Oxide.SpaceEngineers\SpaceEngineers.csproj", "{DB451505-3B05-4A36-822B-EE044B49D46F}"
	ProjectSection(ProjectDependencies) = postProject
	EndProjectSection
EndProject
Project("{9A19103F-16F7-4668-BE54-9A1E7A4F7556}") = "TheForest", "Games\Oxide.TheForest\TheForest.csproj", "{183056B0-1635-46BB-81CC-8669EE46E83F}"
	ProjectSection(ProjectDependencies) = postProject
	EndProjectSection
EndProject
Project("{2150E333-8FDC-42A3-9474-1A3956D46DE8}") = "Games", "Games", "{C4C1902A-42A0-4F81-B328-59E32B2A1F37}"
EndProject
Project("{2150E333-8FDC-42A3-9474-1A3956D46DE8}") = "Other", "Other", "{956AB1A0-3B1D-41A8-89EB-51ED0218B4D6}"
EndProject
Project("{2150E333-8FDC-42A3-9474-1A3956D46DE8}") = "Unity", "Unity", "{939EF8DA-FF66-418A-9011-38BCDE653257}"
EndProject
Project("{2150E333-8FDC-42A3-9474-1A3956D46DE8}") = "VRage", "VRage", "{E9FE89D3-AD40-4604-B6FC-6BF2A0E72E0F}"
EndProject
Global
	GlobalSection(SolutionConfigurationPlatforms) = preSolution
		Debug|Any CPU = Debug|Any CPU
		Release|Any CPU = Release|Any CPU
	EndGlobalSection
	GlobalSection(ProjectConfigurationPlatforms) = postSolution
		{BC923352-6DCB-47B2-BADC-67052C62FE2E}.Debug|Any CPU.ActiveCfg = Debug|Any CPU
		{BC923352-6DCB-47B2-BADC-67052C62FE2E}.Debug|Any CPU.Build.0 = Debug|Any CPU
		{BC923352-6DCB-47B2-BADC-67052C62FE2E}.Release|Any CPU.ActiveCfg = Release|Any CPU
		{BC923352-6DCB-47B2-BADC-67052C62FE2E}.Release|Any CPU.Build.0 = Release|Any CPU
		{755A7DFB-C243-4DB0-AEA8-CC6837FBFE66}.Debug|Any CPU.ActiveCfg = Debug|Any CPU
		{755A7DFB-C243-4DB0-AEA8-CC6837FBFE66}.Debug|Any CPU.Build.0 = Debug|Any CPU
		{755A7DFB-C243-4DB0-AEA8-CC6837FBFE66}.Release|Any CPU.ActiveCfg = Release|Any CPU
		{755A7DFB-C243-4DB0-AEA8-CC6837FBFE66}.Release|Any CPU.Build.0 = Release|Any CPU
		{E6788452-90F2-4388-A9BC-67D7EBBFF8CD}.Debug|Any CPU.ActiveCfg = Debug|Any CPU
		{E6788452-90F2-4388-A9BC-67D7EBBFF8CD}.Debug|Any CPU.Build.0 = Debug|Any CPU
		{E6788452-90F2-4388-A9BC-67D7EBBFF8CD}.Release|Any CPU.ActiveCfg = Release|Any CPU
		{E6788452-90F2-4388-A9BC-67D7EBBFF8CD}.Release|Any CPU.Build.0 = Release|Any CPU
		{ADA2D153-8B29-4B9D-A20F-B24150471715}.Debug|Any CPU.ActiveCfg = Debug|Any CPU
		{ADA2D153-8B29-4B9D-A20F-B24150471715}.Debug|Any CPU.Build.0 = Debug|Any CPU
		{ADA2D153-8B29-4B9D-A20F-B24150471715}.Release|Any CPU.ActiveCfg = Release|Any CPU
		{ADA2D153-8B29-4B9D-A20F-B24150471715}.Release|Any CPU.Build.0 = Release|Any CPU
		{3D5B8BFF-FB96-4732-BDA2-BAADD42BE4D7}.Debug|Any CPU.ActiveCfg = Debug|Any CPU
		{3D5B8BFF-FB96-4732-BDA2-BAADD42BE4D7}.Debug|Any CPU.Build.0 = Debug|Any CPU
		{3D5B8BFF-FB96-4732-BDA2-BAADD42BE4D7}.Release|Any CPU.ActiveCfg = Release|Any CPU
		{3D5B8BFF-FB96-4732-BDA2-BAADD42BE4D7}.Release|Any CPU.Build.0 = Release|Any CPU
		{6A987A21-D407-41C6-AD9F-E5D3DF22D617}.Debug|Any CPU.ActiveCfg = Debug|Any CPU
		{6A987A21-D407-41C6-AD9F-E5D3DF22D617}.Debug|Any CPU.Build.0 = Debug|Any CPU
		{6A987A21-D407-41C6-AD9F-E5D3DF22D617}.Release|Any CPU.ActiveCfg = Release|Any CPU
		{6A987A21-D407-41C6-AD9F-E5D3DF22D617}.Release|Any CPU.Build.0 = Release|Any CPU
		{DB451505-3B05-4A36-822B-EE044B49D46F}.Debug|Any CPU.ActiveCfg = Debug|Any CPU
		{DB451505-3B05-4A36-822B-EE044B49D46F}.Debug|Any CPU.Build.0 = Debug|Any CPU
		{DB451505-3B05-4A36-822B-EE044B49D46F}.Release|Any CPU.ActiveCfg = Release|Any CPU
		{DB451505-3B05-4A36-822B-EE044B49D46F}.Release|Any CPU.Build.0 = Release|Any CPU
		{183056B0-1635-46BB-81CC-8669EE46E83F}.Debug|Any CPU.ActiveCfg = Debug|Any CPU
		{183056B0-1635-46BB-81CC-8669EE46E83F}.Debug|Any CPU.Build.0 = Debug|Any CPU
		{183056B0-1635-46BB-81CC-8669EE46E83F}.Release|Any CPU.ActiveCfg = Release|Any CPU
		{183056B0-1635-46BB-81CC-8669EE46E83F}.Release|Any CPU.Build.0 = Release|Any CPU
	EndGlobalSection
	GlobalSection(SolutionProperties) = preSolution
		HideSolutionNode = FALSE
	EndGlobalSection
	GlobalSection(NestedProjects) = preSolution
		{BC923352-6DCB-47B2-BADC-67052C62FE2E} = {939EF8DA-FF66-418A-9011-38BCDE653257}
		{755A7DFB-C243-4DB0-AEA8-CC6837FBFE66} = {939EF8DA-FF66-418A-9011-38BCDE653257}
		{E6788452-90F2-4388-A9BC-67D7EBBFF8CD} = {939EF8DA-FF66-418A-9011-38BCDE653257}
		{ADA2D153-8B29-4B9D-A20F-B24150471715} = {939EF8DA-FF66-418A-9011-38BCDE653257}
		{3D5B8BFF-FB96-4732-BDA2-BAADD42BE4D7} = {939EF8DA-FF66-418A-9011-38BCDE653257}
		{6A987A21-D407-41C6-AD9F-E5D3DF22D617} = {939EF8DA-FF66-418A-9011-38BCDE653257}
		{DB451505-3B05-4A36-822B-EE044B49D46F} = {E9FE89D3-AD40-4604-B6FC-6BF2A0E72E0F}
		{183056B0-1635-46BB-81CC-8669EE46E83F} = {939EF8DA-FF66-418A-9011-38BCDE653257}
		{956AB1A0-3B1D-41A8-89EB-51ED0218B4D6} = {C4C1902A-42A0-4F81-B328-59E32B2A1F37}
		{939EF8DA-FF66-418A-9011-38BCDE653257} = {C4C1902A-42A0-4F81-B328-59E32B2A1F37}
		{E9FE89D3-AD40-4604-B6FC-6BF2A0E72E0F} = {C4C1902A-42A0-4F81-B328-59E32B2A1F37}
	EndGlobalSection
	GlobalSection(ExtensibilityGlobals) = postSolution
		SolutionGuid = {FC745323-E34A-448B-875C-0F32CCD36B2D}
	EndGlobalSection
EndGlobal
